
Microsoft Visual Studio Solution File, Format Version 12.00
# Visual Studio 14
VisualStudioVersion = 14.0.25123.0
MinimumVisualStudioVersion = 10.0.40219.1
Project("{FAE04EC0-301F-11D3-BF4B-00C04F79EFBC}") = "PowerBI-Embedding", "PowerBI-Embedding\PowerBI-Embedding.csproj", "{AEF77A5C-1470-4742-A7F8-A8EE105DD7A7}"
EndProject
Global
	GlobalSection(SolutionConfigurationPlatforms) = preSolution
		Debug|Any CPU = Debug|Any CPU
		Release|Any CPU = Release|Any CPU
	EndGlobalSection
	GlobalSection(ProjectConfigurationPlatforms) = postSolution
		{AEF77A5C-1470-4742-A7F8-A8EE105DD7A7}.Debug|Any CPU.ActiveCfg = Debug|Any CPU
		{AEF77A5C-1470-4742-A7F8-A8EE105DD7A7}.Debug|Any CPU.Build.0 = Debug|Any CPU
		{AEF77A5C-1470-4742-A7F8-A8EE105DD7A7}.Release|Any CPU.ActiveCfg = Release|Any CPU
		{AEF77A5C-1470-4742-A7F8-A8EE105DD7A7}.Release|Any CPU.Build.0 = Release|Any CPU
	EndGlobalSection
	GlobalSection(SolutionProperties) = preSolution
		HideSolutionNode = FALSE
	EndGlobalSection
EndGlobal
